
Microsoft Visual Studio Solution File, Format Version 12.00
# Visual Studio Version 17
VisualStudioVersion = 17.13.35931.197 d17.13
MinimumVisualStudioVersion = 10.0.40219.1
Project("{FAE04EC0-301F-11D3-BF4B-00C04F79EFBC}") = "TestWork", "TestWork\TestWork.csproj", "{6693361F-54AB-4766-94BB-B0B903CAD94C}"
EndProject
Global
	GlobalSection(SolutionConfigurationPlatforms) = preSolution
		Debug|Any CPU = Debug|Any CPU
		Release|Any CPU = Release|Any CPU
	EndGlobalSection
	GlobalSection(ProjectConfigurationPlatforms) = postSolution
		{6693361F-54AB-4766-94BB-B0B903CAD94C}.Debug|Any CPU.ActiveCfg = Debug|Any CPU
		{6693361F-54AB-4766-94BB-B0B903CAD94C}.Debug|Any CPU.Build.0 = Debug|Any CPU
		{6693361F-54AB-4766-94BB-B0B903CAD94C}.Release|Any CPU.ActiveCfg = Release|Any CPU
		{6693361F-54AB-4766-94BB-B0B903CAD94C}.Release|Any CPU.Build.0 = Release|Any CPU
	EndGlobalSection
	GlobalSection(SolutionProperties) = preSolution
		HideSolutionNode = FALSE
	EndGlobalSection
	GlobalSection(ExtensibilityGlobals) = postSolution
		SolutionGuid = {DA229973-92A5-4FFB-B0F0-C3C1B7887180}
	EndGlobalSection
EndGlobal
